
Microsoft Visual Studio Solution File, Format Version 12.00
# Visual Studio Version 16
VisualStudioVersion = 16.0.33214.272
MinimumVisualStudioVersion = 10.0.40219.1
Project("{9A19103F-16F7-4668-BE54-9A1E7A4F7556}") = "DoyleDispatchWebApp", "DoyleDispatchWebApp\DoyleDispatchWebApp.csproj", "{D6E594D9-1F19-4F76-B2D7-1B0FB70AF590}"
EndProject
Project("{FAE04EC0-301F-11D3-BF4B-00C04F79EFBC}") = "DoyleDispatchWebApp.Tests", "DoyleDispatchWebApp.Tests\DoyleDispatchWebApp.Tests.csproj", "{87A46735-89CA-4244-B3C4-CA702AF41FA6}"
EndProject
Global
	GlobalSection(SolutionConfigurationPlatforms) = preSolution
		Debug|Any CPU = Debug|Any CPU
		Release|Any CPU = Release|Any CPU
	EndGlobalSection
	GlobalSection(ProjectConfigurationPlatforms) = postSolution
		{D6E594D9-1F19-4F76-B2D7-1B0FB70AF590}.Debug|Any CPU.ActiveCfg = Debug|Any CPU
		{D6E594D9-1F19-4F76-B2D7-1B0FB70AF590}.Debug|Any CPU.Build.0 = Debug|Any CPU
		{D6E594D9-1F19-4F76-B2D7-1B0FB70AF590}.Release|Any CPU.ActiveCfg = Release|Any CPU
		{D6E594D9-1F19-4F76-B2D7-1B0FB70AF590}.Release|Any CPU.Build.0 = Release|Any CPU
		{87A46735-89CA-4244-B3C4-CA702AF41FA6}.Debug|Any CPU.ActiveCfg = Debug|Any CPU
		{87A46735-89CA-4244-B3C4-CA702AF41FA6}.Debug|Any CPU.Build.0 = Debug|Any CPU
		{87A46735-89CA-4244-B3C4-CA702AF41FA6}.Release|Any CPU.ActiveCfg = Release|Any CPU
		{87A46735-89CA-4244-B3C4-CA702AF41FA6}.Release|Any CPU.Build.0 = Release|Any CPU
	EndGlobalSection
	GlobalSection(SolutionProperties) = preSolution
		HideSolutionNode = FALSE
	EndGlobalSection
	GlobalSection(ExtensibilityGlobals) = postSolution
		SolutionGuid = {5705ED48-E682-4C8A-B28C-5722A7F618A3}
	EndGlobalSection
EndGlobal
